{
  "name": "minapp1",
  "version": "1.0.0",
  "lockfileVersion": 1,
  "requires": true,
  "dependencies": {
    "jsbn": {
      "version": "1.1.0",
      "resolved": "https://registry.nlark.com/jsbn/download/jsbn-1.1.0.tgz",
      "integrity": "sha1-sBMHyym2GKHtJux56RH4A8TaAEA="
    },
    "lin-ui": {
      "version": "0.9.7",
      "resolved": "https://registry.npmjs.org/lin-ui/-/lin-ui-0.9.7.tgz",
      "integrity": "sha512-BUlPANwBOQ/Zfn5WNd1PCUIro6cRMOYzB6agDAwS+QC+96Rv7SplS9erwzsm0+rhlvnoHnwrSY1pOOpIQXvvog=="
    },
    "miniprogram-sm-crypto": {
      "version": "0.3.7",
      "resolved": "https://registry.npmmirror.com/miniprogram-sm-crypto/download/miniprogram-sm-crypto-0.3.7.tgz",
      "integrity": "sha512-Z/zFOzLYu2PchP4/Klfcq+yG+K4+S0NHyOz3KlLmHohGms33BS45PBPLVschztlTAWHWZ066oKD6eIbibcc8OA==",
      "requires": {
        "jsbn": "^1.1.0"
      }
    }
  }
}
